
Microsoft Visual Studio Solution File, Format Version 12.00
# Visual Studio Version 17
VisualStudioVersion = 17.5.33502.453
MinimumVisualStudioVersion = 10.0.40219.1
Project("{FAE04EC0-301F-11D3-BF4B-00C04F79EFBC}") = "AuthenticationService", "AuthenticationService.csproj", "{DE9D6A32-6DDA-4BBD-8F42-E44740D5C8A2}"
EndProject
Global
	GlobalSection(SolutionConfigurationPlatforms) = preSolution
		Debug|Any CPU = Debug|Any CPU
		Release|Any CPU = Release|Any CPU
	EndGlobalSection
	GlobalSection(ProjectConfigurationPlatforms) = postSolution
		{DE9D6A32-6DDA-4BBD-8F42-E44740D5C8A2}.Debug|Any CPU.ActiveCfg = Debug|Any CPU
		{DE9D6A32-6DDA-4BBD-8F42-E44740D5C8A2}.Debug|Any CPU.Build.0 = Debug|Any CPU
		{DE9D6A32-6DDA-4BBD-8F42-E44740D5C8A2}.Release|Any CPU.ActiveCfg = Release|Any CPU
		{DE9D6A32-6DDA-4BBD-8F42-E44740D5C8A2}.Release|Any CPU.Build.0 = Release|Any CPU
	EndGlobalSection
	GlobalSection(SolutionProperties) = preSolution
		HideSolutionNode = FALSE
	EndGlobalSection
	GlobalSection(ExtensibilityGlobals) = postSolution
		SolutionGuid = {48A18C0F-C52A-41AA-92E7-1BDCBC1F7707}
	EndGlobalSection
EndGlobal
